
Microsoft Visual Studio Solution File, Format Version 12.00
# Visual Studio 15
VisualStudioVersion = 15.0.26730.16
MinimumVisualStudioVersion = 10.0.40219.1
Project("{9A19103F-16F7-4668-BE54-9A1E7A4F7556}") = "Bot", "Bot\Bot.csproj", "{1F49B966-32A2-4333-B7DC-86706C7CD4CB}"
EndProject
Global
	GlobalSection(SolutionConfigurationPlatforms) = preSolution
		Debug|Any CPU = Debug|Any CPU
		Release|Any CPU = Release|Any CPU
	EndGlobalSection
	GlobalSection(ProjectConfigurationPlatforms) = postSolution
		{1F49B966-32A2-4333-B7DC-86706C7CD4CB}.Debug|Any CPU.ActiveCfg = Debug|Any CPU
		{1F49B966-32A2-4333-B7DC-86706C7CD4CB}.Debug|Any CPU.Build.0 = Debug|Any CPU
		{1F49B966-32A2-4333-B7DC-86706C7CD4CB}.Release|Any CPU.ActiveCfg = Release|Any CPU
		{1F49B966-32A2-4333-B7DC-86706C7CD4CB}.Release|Any CPU.Build.0 = Release|Any CPU
	EndGlobalSection
	GlobalSection(SolutionProperties) = preSolution
		HideSolutionNode = FALSE
	EndGlobalSection
	GlobalSection(ExtensibilityGlobals) = postSolution
		SolutionGuid = {05E566AB-E8E9-4B69-A415-03AD0748ECB1}
	EndGlobalSection
EndGlobal
