
Microsoft Visual Studio Solution File, Format Version 12.00
# Visual Studio Version 16
VisualStudioVersion = 16.0.29001.49
MinimumVisualStudioVersion = 10.0.40219.1
Project("{9A19103F-16F7-4668-BE54-9A1E7A4F7556}") = "BotV2", "BotV2\BotV2.csproj", "{A94956E6-6D62-4059-A11B-E31C76878483}"
EndProject
Global
	GlobalSection(SolutionConfigurationPlatforms) = preSolution
		Debug|Any CPU = Debug|Any CPU
		Release|Any CPU = Release|Any CPU
	EndGlobalSection
	GlobalSection(ProjectConfigurationPlatforms) = postSolution
		{A94956E6-6D62-4059-A11B-E31C76878483}.Debug|Any CPU.ActiveCfg = Debug|Any CPU
		{A94956E6-6D62-4059-A11B-E31C76878483}.Debug|Any CPU.Build.0 = Debug|Any CPU
		{A94956E6-6D62-4059-A11B-E31C76878483}.Release|Any CPU.ActiveCfg = Release|Any CPU
		{A94956E6-6D62-4059-A11B-E31C76878483}.Release|Any CPU.Build.0 = Release|Any CPU
	EndGlobalSection
	GlobalSection(SolutionProperties) = preSolution
		HideSolutionNode = FALSE
	EndGlobalSection
	GlobalSection(ExtensibilityGlobals) = postSolution
		SolutionGuid = {05E566AB-E8E9-4B69-A415-03AD0748ECB1}
	EndGlobalSection
EndGlobal
